
Microsoft Visual Studio Solution File, Format Version 12.00
# Visual Studio Version 17
VisualStudioVersion = 17.3.32901.215
MinimumVisualStudioVersion = 10.0.40219.1
Project("{FAE04EC0-301F-11D3-BF4B-00C04F79EFBC}") = "7.113", "7.113\7.113.csproj", "{4D3D43DE-63C0-4564-AF12-A6D557FCA416}"
EndProject
Global
	GlobalSection(SolutionConfigurationPlatforms) = preSolution
		Debug|Any CPU = Debug|Any CPU
		Release|Any CPU = Release|Any CPU
	EndGlobalSection
	GlobalSection(ProjectConfigurationPlatforms) = postSolution
		{4D3D43DE-63C0-4564-AF12-A6D557FCA416}.Debug|Any CPU.ActiveCfg = Debug|Any CPU
		{4D3D43DE-63C0-4564-AF12-A6D557FCA416}.Debug|Any CPU.Build.0 = Debug|Any CPU
		{4D3D43DE-63C0-4564-AF12-A6D557FCA416}.Release|Any CPU.ActiveCfg = Release|Any CPU
		{4D3D43DE-63C0-4564-AF12-A6D557FCA416}.Release|Any CPU.Build.0 = Release|Any CPU
	EndGlobalSection
	GlobalSection(SolutionProperties) = preSolution
		HideSolutionNode = FALSE
	EndGlobalSection
	GlobalSection(ExtensibilityGlobals) = postSolution
		SolutionGuid = {1CD4A5FB-EBC9-4599-936B-9DD9BF765880}
	EndGlobalSection
EndGlobal
